
Microsoft Visual Studio Solution File, Format Version 12.00
# Visual Studio Version 17
VisualStudioVersion = 17.6.33815.320
MinimumVisualStudioVersion = 10.0.40219.1
Project("{FAE04EC0-301F-11D3-BF4B-00C04F79EFBC}") = "ripasso-09-19-23", "ripasso-09-19-23\ripasso-09-19-23.csproj", "{9F9CCB23-B886-4D55-984D-CFED31DCE71D}"
EndProject
Global
	GlobalSection(SolutionConfigurationPlatforms) = preSolution
		Debug|Any CPU = Debug|Any CPU
		Release|Any CPU = Release|Any CPU
	EndGlobalSection
	GlobalSection(ProjectConfigurationPlatforms) = postSolution
		{9F9CCB23-B886-4D55-984D-CFED31DCE71D}.Debug|Any CPU.ActiveCfg = Debug|Any CPU
		{9F9CCB23-B886-4D55-984D-CFED31DCE71D}.Debug|Any CPU.Build.0 = Debug|Any CPU
		{9F9CCB23-B886-4D55-984D-CFED31DCE71D}.Release|Any CPU.ActiveCfg = Release|Any CPU
		{9F9CCB23-B886-4D55-984D-CFED31DCE71D}.Release|Any CPU.Build.0 = Release|Any CPU
	EndGlobalSection
	GlobalSection(SolutionProperties) = preSolution
		HideSolutionNode = FALSE
	EndGlobalSection
	GlobalSection(ExtensibilityGlobals) = postSolution
		SolutionGuid = {3DC585E2-3868-4CE6-9739-E456DAAD7EC0}
	EndGlobalSection
EndGlobal
